// !$*UTF8*$!
{
	archiveVersion = 1;
	classes = {
	};
	objectVersion = 48;
	objects = {

/* Begin PBXBuildFile section */
		D96A68510F481718ACDCBBE5 /* Pods_carWash.framework in Frameworks */ = {isa = PBXBuildFile; fileRef = 04CAA7094004B69D91B05135 /* Pods_carWash.framework */; };
		FA3638D11F94318300195E15 /* AppDelegate.swift in Sources */ = {isa = PBXBuildFile; fileRef = FA3638D01F94318300195E15 /* AppDelegate.swift */; };
		FA3638D61F94318300195E15 /* Main.storyboard in Resources */ = {isa = PBXBuildFile; fileRef = FA3638D41F94318300195E15 /* Main.storyboard */; };
		FA3638D81F94318300195E15 /* Assets.xcassets in Resources */ = {isa = PBXBuildFile; fileRef = FA3638D71F94318300195E15 /* Assets.xcassets */; };
		FA3638DB1F94318300195E15 /* LaunchScreen.storyboard in Resources */ = {isa = PBXBuildFile; fileRef = FA3638D91F94318300195E15 /* LaunchScreen.storyboard */; };
		FA62D4B320CDE30C00459150 /* GoogleService-Info.plist in Resources */ = {isa = PBXBuildFile; fileRef = FA62D4B220CDE30C00459150 /* GoogleService-Info.plist */; };
		FAA36F9520CED70300228386 /* UIButton.swift in Sources */ = {isa = PBXBuildFile; fileRef = FAA36F9420CED70300228386 /* UIButton.swift */; };
		FAA36F9720CED78A00228386 /* VCMain.swift in Sources */ = {isa = PBXBuildFile; fileRef = FAA36F9620CED78A00228386 /* VCMain.swift */; };
		FAA36F9920CED7A700228386 /* VCLogIn.swift in Sources */ = {isa = PBXBuildFile; fileRef = FAA36F9820CED7A700228386 /* VCLogIn.swift */; };
		FAA36F9B20CED7C300228386 /* VCSingUp.swift in Sources */ = {isa = PBXBuildFile; fileRef = FAA36F9A20CED7C300228386 /* VCSingUp.swift */; };
/* End PBXBuildFile section */

/* Begin PBXFileReference section */
		04CAA7094004B69D91B05135 /* Pods_carWash.framework */ = {isa = PBXFileReference; explicitFileType = wrapper.framework; includeInIndex = 0; path = Pods_carWash.framework; sourceTree = BUILT_PRODUCTS_DIR; };
		1C1D67560CC5DDB51073290F /* Pods-carWash.release.xcconfig */ = {isa = PBXFileReference; includeInIndex = 1; lastKnownFileType = text.xcconfig; name = "Pods-carWash.release.xcconfig"; path = "Pods/Target Support Files/Pods-carWash/Pods-carWash.release.xcconfig"; sourceTree = "<group>"; };
		F1E090492FCA35E1F34CF20A /* Pods-carWash.debug.xcconfig */ = {isa = PBXFileReference; includeInIndex = 1; lastKnownFileType = text.xcconfig; name = "Pods-carWash.debug.xcconfig"; path = "Pods/Target Support Files/Pods-carWash/Pods-carWash.debug.xcconfig"; sourceTree = "<group>"; };
		FA3638CD1F94318300195E15 /* carWash.app */ = {isa = PBXFileReference; explicitFileType = wrapper.application; includeInIndex = 0; path = carWash.app; sourceTree = BUILT_PRODUCTS_DIR; };
		FA3638D01F94318300195E15 /* AppDelegate.swift */ = {isa = PBXFileReference; lastKnownFileType = sourcecode.swift; path = AppDelegate.swift; sourceTree = "<group>"; };
		FA3638D51F94318300195E15 /* Base */ = {isa = PBXFileReference; lastKnownFileType = file.storyboard; name = Base; path = Base.lproj/Main.storyboard; sourceTree = "<group>"; };
		FA3638D71F94318300195E15 /* Assets.xcassets */ = {isa = PBXFileReference; lastKnownFileType = folder.assetcatalog; path = Assets.xcassets; sourceTree = "<group>"; };
		FA3638DA1F94318300195E15 /* Base */ = {isa = PBXFileReference; lastKnownFileType = file.storyboard; name = Base; path = Base.lproj/LaunchScreen.storyboard; sourceTree = "<group>"; };
		FA3638DC1F94318300195E15 /* Info.plist */ = {isa = PBXFileReference; lastKnownFileType = text.plist.xml; path = Info.plist; sourceTree = "<group>"; };
		FA62D4B220CDE30C00459150 /* GoogleService-Info.plist */ = {isa = PBXFileReference; fileEncoding = 4; lastKnownFileType = text.plist.xml; path = "GoogleService-Info.plist"; sourceTree = "<group>"; };
		FAA36F9420CED70300228386 /* UIButton.swift */ = {isa = PBXFileReference; lastKnownFileType = sourcecode.swift; path = UIButton.swift; sourceTree = "<group>"; };
		FAA36F9620CED78A00228386 /* VCMain.swift */ = {isa = PBXFileReference; lastKnownFileType = sourcecode.swift; path = VCMain.swift; sourceTree = "<group>"; };
		FAA36F9820CED7A700228386 /* VCLogIn.swift */ = {isa = PBXFileReference; lastKnownFileType = sourcecode.swift; path = VCLogIn.swift; sourceTree = "<group>"; };
		FAA36F9A20CED7C300228386 /* VCSingUp.swift */ = {isa = PBXFileReference; lastKnownFileType = sourcecode.swift; name = VCSingUp.swift; path = ../VCSingUp.swift; sourceTree = "<group>"; };
		FAA9699B1F94736A0078C53B /* FacebookLogin.framework */ = {isa = PBXFileReference; explicitFileType = wrapper.framework; path = FacebookLogin.framework; sourceTree = BUILT_PRODUCTS_DIR; };
/* End PBXFileReference section */

/* Begin PBXFrameworksBuildPhase section */
		FA3638CA1F94318300195E15 /* Frameworks */ = {
			isa = PBXFrameworksBuildPhase;
			buildActionMask = 2147483647;
			files = (
				D96A68510F481718ACDCBBE5 /* Pods_carWash.framework in Frameworks */,
			);
			runOnlyForDeploymentPostprocessing = 0;
		};
/* End PBXFrameworksBuildPhase section */

/* Begin PBXGroup section */
		7FB2CE3BCFBDF413D7D534E2 /* Pods */ = {
			isa = PBXGroup;
			children = (
				F1E090492FCA35E1F34CF20A /* Pods-carWash.debug.xcconfig */,
				1C1D67560CC5DDB51073290F /* Pods-carWash.release.xcconfig */,
			);
			name = Pods;
			sourceTree = "<group>";
		};
		810AE87449FFCB9BFB61AA5A /* Frameworks */ = {
			isa = PBXGroup;
			children = (
				FAA9699B1F94736A0078C53B /* FacebookLogin.framework */,
				04CAA7094004B69D91B05135 /* Pods_carWash.framework */,
			);
			name = Frameworks;
			sourceTree = "<group>";
		};
		FA3638C41F94318300195E15 = {
			isa = PBXGroup;
			children = (
				FAA36F9320CED6E700228386 /* extensions */,
				FA3638CF1F94318300195E15 /* carWash */,
				FA3638CE1F94318300195E15 /* Products */,
				7FB2CE3BCFBDF413D7D534E2 /* Pods */,
				810AE87449FFCB9BFB61AA5A /* Frameworks */,
			);
			sourceTree = "<group>";
		};
		FA3638CE1F94318300195E15 /* Products */ = {
			isa = PBXGroup;
			children = (
				FA3638CD1F94318300195E15 /* carWash.app */,
			);
			name = Products;
			sourceTree = "<group>";
		};
		FA3638CF1F94318300195E15 /* carWash */ = {
			isa = PBXGroup;
			children = (
				FAA36F9A20CED7C300228386 /* VCSingUp.swift */,
				FAA36F9820CED7A700228386 /* VCLogIn.swift */,
				FAA36F9620CED78A00228386 /* VCMain.swift */,
				FA3638D01F94318300195E15 /* AppDelegate.swift */,
				FA3638D41F94318300195E15 /* Main.storyboard */,
				FA3638D71F94318300195E15 /* Assets.xcassets */,
				FA3638D91F94318300195E15 /* LaunchScreen.storyboard */,
				FA3638DC1F94318300195E15 /* Info.plist */,
				FA62D4B220CDE30C00459150 /* GoogleService-Info.plist */,
			);
			path = carWash;
			sourceTree = "<group>";
		};
		FAA36F9320CED6E700228386 /* extensions */ = {
			isa = PBXGroup;
			children = (
				FAA36F9420CED70300228386 /* UIButton.swift */,
			);
			path = extensions;
			sourceTree = "<group>";
		};
/* End PBXGroup section */

/* Begin PBXNativeTarget section */
		FA3638CC1F94318300195E15 /* carWash */ = {
			isa = PBXNativeTarget;
			buildConfigurationList = FA3638DF1F94318300195E15 /* Build configuration list for PBXNativeTarget "carWash" */;
			buildPhases = (
				7FB59450AC98CE64570D0627 /* [CP] Check Pods Manifest.lock */,
				FA3638C91F94318300195E15 /* Sources */,
				FA3638CA1F94318300195E15 /* Frameworks */,
				FA3638CB1F94318300195E15 /* Resources */,
				6A1BBE239B494339311869DE /* [CP] Embed Pods Frameworks */,
				46F3656B78ADA12002F0336E /* [CP] Copy Pods Resources */,
			);
			buildRules = (
			);
			dependencies = (
			);
			name = carWash;
			productName = carWash;
			productReference = FA3638CD1F94318300195E15 /* carWash.app */;
			productType = "com.apple.product-type.application";
		};
/* End PBXNativeTarget section */

/* Begin PBXProject section */
		FA3638C51F94318300195E15 /* Project object */ = {
			isa = PBXProject;
			attributes = {
				LastSwiftUpdateCheck = 0900;
				LastUpgradeCheck = 0900;
				ORGANIZATIONNAME = "Antonio Cortes";
				TargetAttributes = {
					FA3638CC1F94318300195E15 = {
						CreatedOnToolsVersion = 9.0;
						ProvisioningStyle = Automatic;
					};
				};
			};
			buildConfigurationList = FA3638C81F94318300195E15 /* Build configuration list for PBXProject "carWash" */;
			compatibilityVersion = "Xcode 8.0";
			developmentRegion = en;
			hasScannedForEncodings = 0;
			knownRegions = (
				en,
				Base,
			);
			mainGroup = FA3638C41F94318300195E15;
			productRefGroup = FA3638CE1F94318300195E15 /* Products */;
			projectDirPath = "";
			projectRoot = "";
			targets = (
				FA3638CC1F94318300195E15 /* carWash */,
			);
		};
/* End PBXProject section */

/* Begin PBXResourcesBuildPhase section */
		FA3638CB1F94318300195E15 /* Resources */ = {
			isa = PBXResourcesBuildPhase;
			buildActionMask = 2147483647;
			files = (
				FA3638DB1F94318300195E15 /* LaunchScreen.storyboard in Resources */,
				FA62D4B320CDE30C00459150 /* GoogleService-Info.plist in Resources */,
				FA3638D81F94318300195E15 /* Assets.xcassets in Resources */,
				FA3638D61F94318300195E15 /* Main.storyboard in Resources */,
			);
			runOnlyForDeploymentPostprocessing = 0;
		};
/* End PBXResourcesBuildPhase section */

/* Begin PBXShellScriptBuildPhase section */
		46F3656B78ADA12002F0336E /* [CP] Copy Pods Resources */ = {
			isa = PBXShellScriptBuildPhase;
			buildActionMask = 2147483647;
			files = (
			);
			inputPaths = (
			);
			name = "[CP] Copy Pods Resources";
			outputPaths = (
			);
			runOnlyForDeploymentPostprocessing = 0;
			shellPath = /bin/sh;
			shellScript = "\"${SRCROOT}/Pods/Target Support Files/Pods-carWash/Pods-carWash-resources.sh\"\n";
			showEnvVarsInLog = 0;
		};
		6A1BBE239B494339311869DE /* [CP] Embed Pods Frameworks */ = {
			isa = PBXShellScriptBuildPhase;
			buildActionMask = 2147483647;
			files = (
			);
			inputPaths = (
				"${SRCROOT}/Pods/Target Support Files/Pods-carWash/Pods-carWash-frameworks.sh",
				"${BUILT_PRODUCTS_DIR}/GTMSessionFetcher/GTMSessionFetcher.framework",
				"${BUILT_PRODUCTS_DIR}/GoogleToolboxForMac/GoogleToolboxForMac.framework",
				"${BUILT_PRODUCTS_DIR}/nanopb/nanopb.framework",
			);
			name = "[CP] Embed Pods Frameworks";
			outputPaths = (
				"${TARGET_BUILD_DIR}/${FRAMEWORKS_FOLDER_PATH}/GTMSessionFetcher.framework",
				"${TARGET_BUILD_DIR}/${FRAMEWORKS_FOLDER_PATH}/GoogleToolboxForMac.framework",
				"${TARGET_BUILD_DIR}/${FRAMEWORKS_FOLDER_PATH}/nanopb.framework",
			);
			runOnlyForDeploymentPostprocessing = 0;
			shellPath = /bin/sh;
			shellScript = "\"${SRCROOT}/Pods/Target Support Files/Pods-carWash/Pods-carWash-frameworks.sh\"\n";
			showEnvVarsInLog = 0;
		};
		7FB59450AC98CE64570D0627 /* [CP] Check Pods Manifest.lock */ = {
			isa = PBXShellScriptBuildPhase;
			buildActionMask = 2147483647;
			files = (
			);
			inputPaths = (
				"${PODS_PODFILE_DIR_PATH}/Podfile.lock",
				"${PODS_ROOT}/Manifest.lock",
			);
			name = "[CP] Check Pods Manifest.lock";
			outputPaths = (
				"$(DERIVED_FILE_DIR)/Pods-carWash-checkManifestLockResult.txt",
			);
			runOnlyForDeploymentPostprocessing = 0;
			shellPath = /bin/sh;
			shellScript = "diff \"${PODS_PODFILE_DIR_PATH}/Podfile.lock\" \"${PODS_ROOT}/Manifest.lock\" > /dev/null\nif [ $? != 0 ] ; then\n    # print error to STDERR\n    echo \"error: The sandbox is not in sync with the Podfile.lock. Run 'pod install' or update your CocoaPods installation.\" >&2\n    exit 1\nfi\n# This output is used by Xcode 'outputs' to avoid re-running this script phase.\necho \"SUCCESS\" > \"${SCRIPT_OUTPUT_FILE_0}\"\n";
			showEnvVarsInLog = 0;
		};
/* End PBXShellScriptBuildPhase section */

/* Begin PBXSourcesBuildPhase section */
		FA3638C91F94318300195E15 /* Sources */ = {
			isa = PBXSourcesBuildPhase;
			buildActionMask = 2147483647;
			files = (
				FAA36F9720CED78A00228386 /* VCMain.swift in Sources */,
				FA3638D11F94318300195E15 /* AppDelegate.swift in Sources */,
				FAA36F9520CED70300228386 /* UIButton.swift in Sources */,
				FAA36F9B20CED7C300228386 /* VCSingUp.swift in Sources */,
				FAA36F9920CED7A700228386 /* VCLogIn.swift in Sources */,
			);
			runOnlyForDeploymentPostprocessing = 0;
		};
/* End PBXSourcesBuildPhase section */

/* Begin PBXVariantGroup section */
		FA3638D41F94318300195E15 /* Main.storyboard */ = {
			isa = PBXVariantGroup;
			children = (
				FA3638D51F94318300195E15 /* Base */,
			);
			name = Main.storyboard;
			sourceTree = "<group>";
		};
		FA3638D91F94318300195E15 /* LaunchScreen.storyboard */ = {
			isa = PBXVariantGroup;
			children = (
				FA3638DA1F94318300195E15 /* Base */,
			);
			name = LaunchScreen.storyboard;
			sourceTree = "<group>";
		};
/* End PBXVariantGroup section */

/* Begin XCBuildConfiguration section */
		FA3638DD1F94318300195E15 /* Debug */ = {
			isa = XCBuildConfiguration;
			buildSettings = {
				ALWAYS_SEARCH_USER_PATHS = NO;
				CLANG_ANALYZER_NONNULL = YES;
				CLANG_ANALYZER_NUMBER_OBJECT_CONVERSION = YES_AGGRESSIVE;
				CLANG_CXX_LANGUAGE_STANDARD = "gnu++14";
				CLANG_CXX_LIBRARY = "libc++";
				CLANG_ENABLE_MODULES = YES;
				CLANG_ENABLE_OBJC_ARC = YES;
				CLANG_WARN_BLOCK_CAPTURE_AUTORELEASING = YES;
				CLANG_WARN_BOOL_CONVERSION = YES;
				CLANG_WARN_COMMA = YES;
				CLANG_WARN_CONSTANT_CONVERSION = YES;
				CLANG_WARN_DIRECT_OBJC_ISA_USAGE = YES_ERROR;
				CLANG_WARN_DOCUMENTATION_COMMENTS = YES;
				CLANG_WARN_EMPTY_BODY = YES;
				CLANG_WARN_ENUM_CONVERSION = YES;
				CLANG_WARN_INFINITE_RECURSION = YES;
				CLANG_WARN_INT_CONVERSION = YES;
				CLANG_WARN_NON_LITERAL_NULL_CONVERSION = YES;
				CLANG_WARN_OBJC_LITERAL_CONVERSION = YES;
				CLANG_WARN_OBJC_ROOT_CLASS = YES_ERROR;
				CLANG_WARN_RANGE_LOOP_ANALYSIS = YES;
				CLANG_WARN_STRICT_PROTOTYPES = YES;
				CLANG_WARN_SUSPICIOUS_MOVE = YES;
				CLANG_WARN_UNGUARDED_AVAILABILITY = YES_AGGRESSIVE;
				CLANG_WARN_UNREACHABLE_CODE = YES;
				CLANG_WARN__DUPLICATE_METHOD_MATCH = YES;
				CODE_SIGN_IDENTITY = "iPhone Developer";
				COPY_PHASE_STRIP = NO;
				DEBUG_INFORMATION_FORMAT = dwarf;
				ENABLE_STRICT_OBJC_MSGSEND = YES;
				ENABLE_TESTABILITY = YES;
				GCC_C_LANGUAGE_STANDARD = gnu11;
				GCC_DYNAMIC_NO_PIC = NO;
				GCC_NO_COMMON_BLOCKS = YES;
				GCC_OPTIMIZATION_LEVEL = 0;
				GCC_PREPROCESSOR_DEFINITIONS = (
					"DEBUG=1",
					"$(inherited)",
				);
				GCC_WARN_64_TO_32_BIT_CONVERSION = YES;
				GCC_WARN_ABOUT_RETURN_TYPE = YES_ERROR;
				GCC_WARN_UNDECLARED_SELECTOR = YES;
				GCC_WARN_UNINITIALIZED_AUTOS = YES_AGGRESSIVE;
				GCC_WARN_UNUSED_FUNCTION = YES;
				GCC_WARN_UNUSED_VARIABLE = YES;
				IPHONEOS_DEPLOYMENT_TARGET = 11.0;
				MTL_ENABLE_DEBUG_INFO = YES;
				ONLY_ACTIVE_ARCH = YES;
				SDKROOT = iphoneos;
				SWIFT_ACTIVE_COMPILATION_CONDITIONS = DEBUG;
				SWIFT_OPTIMIZATION_LEVEL = "-Onone";
			};
			name = Debug;
		};
		FA3638DE1F94318300195E15 /* Release */ = {
			isa = XCBuildConfiguration;
			buildSettings = {
				ALWAYS_SEARCH_USER_PATHS = NO;
				CLANG_ANALYZER_NONNULL = YES;
				CLANG_ANALYZER_NUMBER_OBJECT_CONVERSION = YES_AGGRESSIVE;
				CLANG_CXX_LANGUAGE_STANDARD = "gnu++14";
				CLANG_CXX_LIBRARY = "libc++";
				CLANG_ENABLE_MODULES = YES;
				CLANG_ENABLE_OBJC_ARC = YES;
				CLANG_WARN_BLOCK_CAPTURE_AUTORELEASING = YES;
				CLANG_WARN_BOOL_CONVERSION = YES;
				CLANG_WARN_COMMA = YES;
				CLANG_WARN_CONSTANT_CONVERSION = YES;
				CLANG_WARN_DIRECT_OBJC_ISA_USAGE = YES_ERROR;
				CLANG_WARN_DOCUMENTATION_COMMENTS = YES;
				CLANG_WARN_EMPTY_BODY = YES;
				CLANG_WARN_ENUM_CONVERSION = YES;
				CLANG_WARN_INFINITE_RECURSION = YES;
				CLANG_WARN_INT_CONVERSION = YES;
				CLANG_WARN_NON_LITERAL_NULL_CONVERSION = YES;
				CLANG_WARN_OBJC_LITERAL_CONVERSION = YES;
				CLANG_WARN_OBJC_ROOT_CLASS = YES_ERROR;
				CLANG_WARN_RANGE_LOOP_ANALYSIS = YES;
				CLANG_WARN_STRICT_PROTOTYPES = YES;
				CLANG_WARN_SUSPICIOUS_MOVE = YES;
				CLANG_WARN_UNGUARDED_AVAILABILITY = YES_AGGRESSIVE;
				CLANG_WARN_UNREACHABLE_CODE = YES;
				CLANG_WARN__DUPLICATE_METHOD_MATCH = YES;
				CODE_SIGN_IDENTITY = "iPhone Developer";
				COPY_PHASE_STRIP = NO;
				DEBUG_INFORMATION_FORMAT = "dwarf-with-dsym";
				ENABLE_NS_ASSERTIONS = NO;
				ENABLE_STRICT_OBJC_MSGSEND = YES;
				GCC_C_LANGUAGE_STANDARD = gnu11;
				GCC_NO_COMMON_BLOCKS = YES;
				GCC_WARN_64_TO_32_BIT_CONVERSION = YES;
				GCC_WARN_ABOUT_RETURN_TYPE = YES_ERROR;
				GCC_WARN_UNDECLARED_SELECTOR = YES;
				GCC_WARN_UNINITIALIZED_AUTOS = YES_AGGRESSIVE;
				GCC_WARN_UNUSED_FUNCTION = YES;
				GCC_WARN_UNUSED_VARIABLE = YES;
				IPHONEOS_DEPLOYMENT_TARGET = 11.0;
				MTL_ENABLE_DEBUG_INFO = NO;
				SDKROOT = iphoneos;
				SWIFT_OPTIMIZATION_LEVEL = "-Owholemodule";
				VALIDATE_PRODUCT = YES;
			};
			name = Release;
		};
		FA3638E01F94318300195E15 /* Debug */ = {
			isa = XCBuildConfiguration;
			baseConfigurationReference = F1E090492FCA35E1F34CF20A /* Pods-carWash.debug.xcconfig */;
			buildSettings = {
				ASSETCATALOG_COMPILER_APPICON_NAME = AppIcon;
				CODE_SIGN_STYLE = Automatic;
				DEVELOPMENT_TEAM = 66759VY892;
				INFOPLIST_FILE = carWash/Info.plist;
				LD_RUNPATH_SEARCH_PATHS = "$(inherited) @executable_path/Frameworks";
				PRODUCT_BUNDLE_IDENTIFIER = tony.carWash;
				PRODUCT_NAME = "$(TARGET_NAME)";
				SWIFT_VERSION = 4.0;
				TARGETED_DEVICE_FAMILY = "1,2";
			};
			name = Debug;
		};
		FA3638E11F94318300195E15 /* Release */ = {
			isa = XCBuildConfiguration;
			baseConfigurationReference = 1C1D67560CC5DDB51073290F /* Pods-carWash.release.xcconfig */;
			buildSettings = {
				ASSETCATALOG_COMPILER_APPICON_NAME = AppIcon;
				CODE_SIGN_STYLE = Automatic;
				DEVELOPMENT_TEAM = 66759VY892;
				INFOPLIST_FILE = carWash/Info.plist;
				LD_RUNPATH_SEARCH_PATHS = "$(inherited) @executable_path/Frameworks";
				PRODUCT_BUNDLE_IDENTIFIER = tony.carWash;
				PRODUCT_NAME = "$(TARGET_NAME)";
				SWIFT_VERSION = 4.0;
				TARGETED_DEVICE_FAMILY = "1,2";
			};
			name = Release;
		};
/* End XCBuildConfiguration section */

/* Begin XCConfigurationList section */
		FA3638C81F94318300195E15 /* Build configuration list for PBXProject "carWash" */ = {
			isa = XCConfigurationList;
			buildConfigurations = (
				FA3638DD1F94318300195E15 /* Debug */,
				FA3638DE1F94318300195E15 /* Release */,
			);
			defaultConfigurationIsVisible = 0;
			defaultConfigurationName = Release;
		};
		FA3638DF1F94318300195E15 /* Build configuration list for PBXNativeTarget "carWash" */ = {
			isa = XCConfigurationList;
			buildConfigurations = (
				FA3638E01F94318300195E15 /* Debug */,
				FA3638E11F94318300195E15 /* Release */,
			);
			defaultConfigurationIsVisible = 0;
			defaultConfigurationName = Release;
		};
/* End XCConfigurationList section */
	};
	rootObject = FA3638C51F94318300195E15 /* Project object */;
}
